
Microsoft Visual Studio Solution File, Format Version 12.00
# Visual Studio Version 17
VisualStudioVersion = 17.11.35312.102
MinimumVisualStudioVersion = 10.0.40219.1
Project("{FAE04EC0-301F-11D3-BF4B-00C04F79EFBC}") = "W2_TravelBuddy", "W2_TravelBuddy\W2_TravelBuddy.csproj", "{B947D20D-35DB-4B40-AFE0-042DB56AAFBF}"
EndProject
Global
	GlobalSection(SolutionConfigurationPlatforms) = preSolution
		Debug|Any CPU = Debug|Any CPU
		Release|Any CPU = Release|Any CPU
	EndGlobalSection
	GlobalSection(ProjectConfigurationPlatforms) = postSolution
		{B947D20D-35DB-4B40-AFE0-042DB56AAFBF}.Debug|Any CPU.ActiveCfg = Debug|Any CPU
		{B947D20D-35DB-4B40-AFE0-042DB56AAFBF}.Debug|Any CPU.Build.0 = Debug|Any CPU
		{B947D20D-35DB-4B40-AFE0-042DB56AAFBF}.Release|Any CPU.ActiveCfg = Release|Any CPU
		{B947D20D-35DB-4B40-AFE0-042DB56AAFBF}.Release|Any CPU.Build.0 = Release|Any CPU
	EndGlobalSection
	GlobalSection(SolutionProperties) = preSolution
		HideSolutionNode = FALSE
	EndGlobalSection
	GlobalSection(ExtensibilityGlobals) = postSolution
		SolutionGuid = {443D52A0-8EA2-424A-832B-FC8A7CB9960C}
	EndGlobalSection
EndGlobal
